{
  "name": "react-mobx",
  "version": "1.0.0",
  "lockfileVersion": 1,
  "requires": true,
  "dependencies": {
    "clone": {
      "version": "2.1.1",
      "resolved": "https://registry.npmjs.org/clone/-/clone-2.1.1.tgz",
      "integrity": "sha1-0hfR6WERjjrJpLi7oyhVU79kfNs="
    },
    "deep-equal": {
      "version": "1.0.1",
      "resolved": "https://registry.npmjs.org/deep-equal/-/deep-equal-1.0.1.tgz",
      "integrity": "sha1-9dJgKStmDghO/0zbyfCK0yR0SLU="
    },
    "eventemitter3": {
      "version": "2.0.3",
      "resolved": "https://registry.npmjs.org/eventemitter3/-/eventemitter3-2.0.3.tgz",
      "integrity": "sha1-teEHm1n7XhuidxwKmTvgYKWMmbo="
    },
    "extend": {
      "version": "3.0.1",
      "resolved": "https://registry.npmjs.org/extend/-/extend-3.0.1.tgz",
      "integrity": "sha1-p1Xqe8Gt/MWjHOfnYtuq3F5jZEQ="
    },
    "fast-diff": {
      "version": "1.1.2",
      "resolved": "https://registry.npmjs.org/fast-diff/-/fast-diff-1.1.2.tgz",
      "integrity": "sha512-KaJUt+M9t1qaIteSvjc6P3RbMdXsNhK61GRftR6SNxqmhthcd9MGIi4T+o0jD8LUSpSnSKXE20nLtJ3fOHxQig=="
    },
    "mobx": {
      "version": "5.0.2",
      "resolved": "https://registry.npmjs.org/mobx/-/mobx-5.0.2.tgz",
      "integrity": "sha1-6o0gjrNulENwcjDXeiUPL90pXfs="
    },
    "mobx-react": {
      "version": "5.2.3",
      "resolved": "https://registry.npmjs.org/mobx-react/-/mobx-react-5.2.3.tgz",
      "integrity": "sha512-OuSlF2nJEa1PGookZcZnINbvEK4iWNNYiqUh6aebk2AkWxj3sG8OafDOQMcMYApQALTHRsrBIjOx/K8TFxcz7w==",
      "requires": {
        "hoist-non-react-statics": "2.5.4",
        "react-lifecycles-compat": "3.0.4"
      },
      "dependencies": {
        "hoist-non-react-statics": {
          "version": "2.5.4",
          "resolved": "https://registry.npmjs.org/hoist-non-react-statics/-/hoist-non-react-statics-2.5.4.tgz",
          "integrity": "sha512-yklXtcYj0Pt5Dz9No8xUh7d+/7fy5XRIm+r7U/BXgwJ/VsD75EfXA8t4p9tIL0jykzo5A/sGzt1xV6oqd/gP0w=="
        }
      }
    },
    "mobx-react-devtools": {
      "version": "5.0.1",
      "resolved": "https://registry.npmjs.org/mobx-react-devtools/-/mobx-react-devtools-5.0.1.tgz",
      "integrity": "sha512-Uv86FWqVmmqaEs3oBOCs7AJDKZL8LIYG43ZRMP/xVX0PB/ytY3hdj16kXZ/RdbFLESEKws/+IyVboj0nCesd6w==",
      "dev": true
    },
    "parchment": {
      "version": "1.1.4",
      "resolved": "https://registry.npmjs.org/parchment/-/parchment-1.1.4.tgz",
      "integrity": "sha512-J5FBQt/pM2inLzg4hEWmzQx/8h8D0CiDxaG3vyp9rKrQRSDgBlhjdP5jQGgosEajXPSQouXGHOmVdgo7QmJuOg=="
    },
    "query-string": {
      "version": "6.1.0",
      "resolved": "https://registry.npmjs.org/query-string/-/query-string-6.1.0.tgz",
      "integrity": "sha512-pNB/Gr8SA8ff8KpUFM36o/WFAlthgaThka5bV19AD9PNTH20Pwq5Zxodif2YyHwrctp6SkL4GqlOot0qR/wGaw==",
      "requires": {
        "decode-uri-component": "0.2.0",
        "strict-uri-encode": "2.0.0"
      },
      "dependencies": {
        "decode-uri-component": {
          "version": "0.2.0",
          "resolved": "https://registry.npmjs.org/decode-uri-component/-/decode-uri-component-0.2.0.tgz",
          "integrity": "sha1-6zkTMzRYd1y4TNGh+uBiEGu4dUU="
        }
      }
    },
    "quill": {
      "version": "1.3.6",
      "resolved": "https://registry.npmjs.org/quill/-/quill-1.3.6.tgz",
      "integrity": "sha512-K0mvhimWZN6s+9OQ249CH2IEPZ9JmkFuCQeHAOQax3EZ2nDJ3wfGh59mnlQaZV2i7u8eFarx6wAtvQKgShojug==",
      "requires": {
        "clone": "2.1.1",
        "deep-equal": "1.0.1",
        "eventemitter3": "2.0.3",
        "extend": "3.0.1",
        "parchment": "1.1.4",
        "quill-delta": "3.6.2"
      }
    },
    "quill-delta": {
      "version": "3.6.2",
      "resolved": "https://registry.npmjs.org/quill-delta/-/quill-delta-3.6.2.tgz",
      "integrity": "sha512-grWEQq9woEidPDogtDNxQKmy2LFf9zBC0EU/YTSw6TwKmMjtihTxdnPtPRfrqazB2MSJ7YdCWxmsJ7aQKRSEgg==",
      "requires": {
        "deep-equal": "1.0.1",
        "extend": "3.0.1",
        "fast-diff": "1.1.2"
      }
    },
    "react-lifecycles-compat": {
      "version": "3.0.4",
      "resolved": "https://registry.npmjs.org/react-lifecycles-compat/-/react-lifecycles-compat-3.0.4.tgz",
      "integrity": "sha512-fBASbA6LnOU9dOU2eW7aQ8xmYBSXUIWr+UmF9b1efZBazGNO+rcXT/icdKnYm2pTwcRylVUYwW7H1PHfLekVzA=="
    },
    "strict-uri-encode": {
      "version": "2.0.0",
      "resolved": "https://registry.npmjs.org/strict-uri-encode/-/strict-uri-encode-2.0.0.tgz",
      "integrity": "sha1-ucczDHBChi9rFC3CdLvMWGbONUY="
    }
  }
}
