{
  "name": "react-mobx",
  "version": "1.0.0",
  "lockfileVersion": 1,
  "requires": true,
  "dependencies": {
    "mobx": {
      "version": "5.0.2",
      "resolved": "https://registry.npmjs.org/mobx/-/mobx-5.0.2.tgz",
      "integrity": "sha1-6o0gjrNulENwcjDXeiUPL90pXfs="
    },
    "mobx-react": {
      "version": "5.2.3",
      "resolved": "https://registry.npmjs.org/mobx-react/-/mobx-react-5.2.3.tgz",
      "integrity": "sha512-OuSlF2nJEa1PGookZcZnINbvEK4iWNNYiqUh6aebk2AkWxj3sG8OafDOQMcMYApQALTHRsrBIjOx/K8TFxcz7w==",
      "requires": {
        "hoist-non-react-statics": "2.5.4",
        "react-lifecycles-compat": "3.0.4"
      },
      "dependencies": {
        "hoist-non-react-statics": {
          "version": "2.5.4",
          "resolved": "https://registry.npmjs.org/hoist-non-react-statics/-/hoist-non-react-statics-2.5.4.tgz",
          "integrity": "sha512-yklXtcYj0Pt5Dz9No8xUh7d+/7fy5XRIm+r7U/BXgwJ/VsD75EfXA8t4p9tIL0jykzo5A/sGzt1xV6oqd/gP0w=="
        }
      }
    },
    "mobx-react-devtools": {
      "version": "5.0.1",
      "resolved": "https://registry.npmjs.org/mobx-react-devtools/-/mobx-react-devtools-5.0.1.tgz",
      "integrity": "sha512-Uv86FWqVmmqaEs3oBOCs7AJDKZL8LIYG43ZRMP/xVX0PB/ytY3hdj16kXZ/RdbFLESEKws/+IyVboj0nCesd6w==",
      "dev": true
    },
    "react-lifecycles-compat": {
      "version": "3.0.4",
      "resolved": "https://registry.npmjs.org/react-lifecycles-compat/-/react-lifecycles-compat-3.0.4.tgz",
      "integrity": "sha512-fBASbA6LnOU9dOU2eW7aQ8xmYBSXUIWr+UmF9b1efZBazGNO+rcXT/icdKnYm2pTwcRylVUYwW7H1PHfLekVzA=="
    }
  }
}
